// !$*UTF8*$!
{
	archiveVersion = 1;
	classes = {
	};
	objectVersion = 56;
	objects = {

/* Begin PBXBuildFile section */
		A1000001 /* KharchaApp.swift in Sources */ = {isa = PBXBuildFile; fileRef = A2000001 /* KharchaApp.swift */; };
		A1000002 /* ContentView.swift in Sources */ = {isa = PBXBuildFile; fileRef = A2000002 /* ContentView.swift */; };
		A1000003 /* Expense.swift in Sources */ = {isa = PBXBuildFile; fileRef = A2000003 /* Expense.swift */; };
		A1000004 /* SMSParser.swift in Sources */ = {isa = PBXBuildFile; fileRef = A2000004 /* SMSParser.swift */; };
		A1000005 /* ExpenseStorage.swift in Sources */ = {isa = PBXBuildFile; fileRef = A2000005 /* ExpenseStorage.swift */; };
		A1000006 /* sender_mapping.json in Resources */ = {isa = PBXBuildFile; fileRef = A2000006 /* sender_mapping.json */; };
		A1000007 /* Assets.xcassets in Resources */ = {isa = PBXBuildFile; fileRef = A2000007 /* Assets.xcassets */; };
		A1000008 /* Theme.swift in Sources */ = {isa = PBXBuildFile; fileRef = A2000008 /* Theme.swift */; };
		A1000009 /* MappingStorage.swift in Sources */ = {isa = PBXBuildFile; fileRef = A2000009 /* MappingStorage.swift */; };
		A1000011 /* PieChartView.swift in Sources */ = {isa = PBXBuildFile; fileRef = A2000011 /* PieChartView.swift */; };
		A1000012 /* CategoryDetailView.swift in Sources */ = {isa = PBXBuildFile; fileRef = A2000012 /* CategoryDetailView.swift */; };
		A1000013 /* SharedQueueStorage.swift in Sources */ = {isa = PBXBuildFile; fileRef = A2000013 /* SharedQueueStorage.swift */; };
		A1000014 /* QueueReviewView.swift in Sources */ = {isa = PBXBuildFile; fileRef = A2000014 /* QueueReviewView.swift */; };
		A1000015 /* AdminView.swift in Sources */ = {isa = PBXBuildFile; fileRef = A2000016 /* AdminView.swift */; };
		A1000016 /* BillersView.swift in Sources */ = {isa = PBXBuildFile; fileRef = A2000017 /* BillersView.swift */; };
		A1000017 /* DataManagementView.swift in Sources */ = {isa = PBXBuildFile; fileRef = A2000018 /* DataManagementView.swift */; };
		B1000001 /* ShareViewController.swift in Sources */ = {isa = PBXBuildFile; fileRef = B2000001 /* ShareViewController.swift */; };
		B1000002 /* SharedQueueStorage.swift in Sources */ = {isa = PBXBuildFile; fileRef = B2000002 /* SharedQueueStorage.swift */; };
		B1000003 /* KharchaShare.appex in Embed Foundation Extensions */ = {isa = PBXBuildFile; fileRef = B3000001 /* KharchaShare.appex */; settings = {ATTRIBUTES = (RemoveHeadersOnCopy, ); }; };
/* End PBXBuildFile section */

/* Begin PBXContainerItemProxy section */
		B4000001 /* PBXContainerItemProxy */ = {
			isa = PBXContainerItemProxy;
			containerPortal = A0000001 /* Project object */;
			proxyType = 1;
			remoteGlobalIDString = B6000001;
			remoteInfo = KharchaShare;
		};
/* End PBXContainerItemProxy section */

/* Begin PBXCopyFilesBuildPhase section */
		B5000001 /* Embed Foundation Extensions */ = {
			isa = PBXCopyFilesBuildPhase;
			buildActionMask = 2147483647;
			dstPath = "";
			dstSubfolderSpec = 13;
			files = (
				B1000003 /* KharchaShare.appex in Embed Foundation Extensions */,
			);
			name = "Embed Foundation Extensions";
			runOnlyForDeploymentPostprocessing = 0;
		};
/* End PBXCopyFilesBuildPhase section */

/* Begin PBXFileReference section */
		A2000001 /* KharchaApp.swift */ = {isa = PBXFileReference; lastKnownFileType = sourcecode.swift; path = KharchaApp.swift; sourceTree = "<group>"; };
		A2000002 /* ContentView.swift */ = {isa = PBXFileReference; lastKnownFileType = sourcecode.swift; path = ContentView.swift; sourceTree = "<group>"; };
		A2000003 /* Expense.swift */ = {isa = PBXFileReference; lastKnownFileType = sourcecode.swift; path = Expense.swift; sourceTree = "<group>"; };
		A2000004 /* SMSParser.swift */ = {isa = PBXFileReference; lastKnownFileType = sourcecode.swift; path = SMSParser.swift; sourceTree = "<group>"; };
		A2000005 /* ExpenseStorage.swift */ = {isa = PBXFileReference; lastKnownFileType = sourcecode.swift; path = ExpenseStorage.swift; sourceTree = "<group>"; };
		A2000006 /* sender_mapping.json */ = {isa = PBXFileReference; lastKnownFileType = text.json; path = sender_mapping.json; sourceTree = "<group>"; };
		A2000007 /* Assets.xcassets */ = {isa = PBXFileReference; lastKnownFileType = folder.assetcatalog; path = Assets.xcassets; sourceTree = "<group>"; };
		A2000008 /* Theme.swift */ = {isa = PBXFileReference; lastKnownFileType = sourcecode.swift; path = Theme.swift; sourceTree = "<group>"; };
		A2000009 /* MappingStorage.swift */ = {isa = PBXFileReference; lastKnownFileType = sourcecode.swift; path = MappingStorage.swift; sourceTree = "<group>"; };
		A2000011 /* PieChartView.swift */ = {isa = PBXFileReference; lastKnownFileType = sourcecode.swift; path = PieChartView.swift; sourceTree = "<group>"; };
		A2000012 /* CategoryDetailView.swift */ = {isa = PBXFileReference; lastKnownFileType = sourcecode.swift; path = CategoryDetailView.swift; sourceTree = "<group>"; };
		A2000013 /* SharedQueueStorage.swift */ = {isa = PBXFileReference; lastKnownFileType = sourcecode.swift; path = SharedQueueStorage.swift; sourceTree = "<group>"; };
		A2000014 /* QueueReviewView.swift */ = {isa = PBXFileReference; lastKnownFileType = sourcecode.swift; path = QueueReviewView.swift; sourceTree = "<group>"; };
		A2000015 /* Kharcha.entitlements */ = {isa = PBXFileReference; lastKnownFileType = text.plist.entitlements; path = Kharcha.entitlements; sourceTree = "<group>"; };
		A2000016 /* AdminView.swift */ = {isa = PBXFileReference; lastKnownFileType = sourcecode.swift; path = AdminView.swift; sourceTree = "<group>"; };
		A2000017 /* BillersView.swift */ = {isa = PBXFileReference; lastKnownFileType = sourcecode.swift; path = BillersView.swift; sourceTree = "<group>"; };
		A2000018 /* DataManagementView.swift */ = {isa = PBXFileReference; lastKnownFileType = sourcecode.swift; path = DataManagementView.swift; sourceTree = "<group>"; };
		A3000001 /* Kharcha.app */ = {isa = PBXFileReference; explicitFileType = wrapper.application; includeInIndex = 0; path = Kharcha.app; sourceTree = BUILT_PRODUCTS_DIR; };
		B2000001 /* ShareViewController.swift */ = {isa = PBXFileReference; lastKnownFileType = sourcecode.swift; path = ShareViewController.swift; sourceTree = "<group>"; };
		B2000002 /* SharedQueueStorage.swift */ = {isa = PBXFileReference; lastKnownFileType = sourcecode.swift; path = SharedQueueStorage.swift; sourceTree = "<group>"; };
		B2000003 /* Info.plist */ = {isa = PBXFileReference; lastKnownFileType = text.plist.xml; path = Info.plist; sourceTree = "<group>"; };
		B2000004 /* KharchaShare.entitlements */ = {isa = PBXFileReference; lastKnownFileType = text.plist.entitlements; path = KharchaShare.entitlements; sourceTree = "<group>"; };
		B3000001 /* KharchaShare.appex */ = {isa = PBXFileReference; explicitFileType = "wrapper.app-extension"; includeInIndex = 0; path = KharchaShare.appex; sourceTree = BUILT_PRODUCTS_DIR; };
/* End PBXFileReference section */

/* Begin PBXFrameworksBuildPhase section */
		A4000001 /* Frameworks */ = {
			isa = PBXFrameworksBuildPhase;
			buildActionMask = 2147483647;
			files = (
			);
			runOnlyForDeploymentPostprocessing = 0;
		};
		B4000002 /* Frameworks */ = {
			isa = PBXFrameworksBuildPhase;
			buildActionMask = 2147483647;
			files = (
			);
			runOnlyForDeploymentPostprocessing = 0;
		};
/* End PBXFrameworksBuildPhase section */

/* Begin PBXGroup section */
		A5000001 = {
			isa = PBXGroup;
			children = (
				A5000002 /* Kharcha */,
				B5000002 /* KharchaShare */,
				A5000006 /* Products */,
			);
			sourceTree = "<group>";
		};
		A5000002 /* Kharcha */ = {
			isa = PBXGroup;
			children = (
				A2000015 /* Kharcha.entitlements */,
				A2000001 /* KharchaApp.swift */,
				A2000002 /* ContentView.swift */,
				A2000008 /* Theme.swift */,
				A5000003 /* Models */,
				A5000004 /* Services */,
				A5000007 /* Views */,
				A5000005 /* Resources */,
				A2000007 /* Assets.xcassets */,
			);
			path = Kharcha;
			sourceTree = "<group>";
		};
		A5000003 /* Models */ = {
			isa = PBXGroup;
			children = (
				A2000003 /* Expense.swift */,
			);
			path = Models;
			sourceTree = "<group>";
		};
		A5000004 /* Services */ = {
			isa = PBXGroup;
			children = (
				A2000004 /* SMSParser.swift */,
				A2000005 /* ExpenseStorage.swift */,
				A2000009 /* MappingStorage.swift */,
				A2000013 /* SharedQueueStorage.swift */,
			);
			path = Services;
			sourceTree = "<group>";
		};
		A5000005 /* Resources */ = {
			isa = PBXGroup;
			children = (
				A2000006 /* sender_mapping.json */,
			);
			path = Resources;
			sourceTree = "<group>";
		};
		A5000006 /* Products */ = {
			isa = PBXGroup;
			children = (
				A3000001 /* Kharcha.app */,
				B3000001 /* KharchaShare.appex */,
			);
			name = Products;
			sourceTree = "<group>";
		};
		A5000007 /* Views */ = {
			isa = PBXGroup;
			children = (
				A2000011 /* PieChartView.swift */,
				A2000012 /* CategoryDetailView.swift */,
				A2000014 /* QueueReviewView.swift */,
				A2000016 /* AdminView.swift */,
				A2000017 /* BillersView.swift */,
				A2000018 /* DataManagementView.swift */,
			);
			path = Views;
			sourceTree = "<group>";
		};
		B5000002 /* KharchaShare */ = {
			isa = PBXGroup;
			children = (
				B2000004 /* KharchaShare.entitlements */,
				B2000001 /* ShareViewController.swift */,
				B2000002 /* SharedQueueStorage.swift */,
				B2000003 /* Info.plist */,
			);
			path = KharchaShare;
			sourceTree = "<group>";
		};
/* End PBXGroup section */

/* Begin PBXNativeTarget section */
		A6000001 /* Kharcha */ = {
			isa = PBXNativeTarget;
			buildConfigurationList = A8000003 /* Build configuration list for PBXNativeTarget "Kharcha" */;
			buildPhases = (
				A7000001 /* Sources */,
				A4000001 /* Frameworks */,
				A7000002 /* Resources */,
				B5000001 /* Embed Foundation Extensions */,
			);
			buildRules = (
			);
			dependencies = (
				B4000003 /* PBXTargetDependency */,
			);
			name = Kharcha;
			productName = Kharcha;
			productReference = A3000001 /* Kharcha.app */;
			productType = "com.apple.product-type.application";
		};
		B6000001 /* KharchaShare */ = {
			isa = PBXNativeTarget;
			buildConfigurationList = B8000001 /* Build configuration list for PBXNativeTarget "KharchaShare" */;
			buildPhases = (
				B7000001 /* Sources */,
				B4000002 /* Frameworks */,
				B7000002 /* Resources */,
			);
			buildRules = (
			);
			dependencies = (
			);
			name = KharchaShare;
			productName = KharchaShare;
			productReference = B3000001 /* KharchaShare.appex */;
			productType = "com.apple.product-type.app-extension";
		};
/* End PBXNativeTarget section */

/* Begin PBXProject section */
		A0000001 /* Project object */ = {
			isa = PBXProject;
			attributes = {
				BuildIndependentTargetsInParallel = 1;
				LastSwiftUpdateCheck = 1500;
				LastUpgradeCheck = 1500;
				TargetAttributes = {
					A6000001 = {
						CreatedOnToolsVersion = 15.0;
					};
					B6000001 = {
						CreatedOnToolsVersion = 15.0;
					};
				};
			};
			buildConfigurationList = A8000001 /* Build configuration list for PBXProject "Kharcha" */;
			compatibilityVersion = "Xcode 14.0";
			developmentRegion = en;
			hasScannedForEncodings = 0;
			knownRegions = (
				en,
				Base,
			);
			mainGroup = A5000001;
			productRefGroup = A5000006 /* Products */;
			projectDirPath = "";
			projectRoot = "";
			targets = (
				A6000001 /* Kharcha */,
				B6000001 /* KharchaShare */,
			);
		};
/* End PBXProject section */

/* Begin PBXResourcesBuildPhase section */
		A7000002 /* Resources */ = {
			isa = PBXResourcesBuildPhase;
			buildActionMask = 2147483647;
			files = (
				A1000006 /* sender_mapping.json in Resources */,
				A1000007 /* Assets.xcassets in Resources */,
			);
			runOnlyForDeploymentPostprocessing = 0;
		};
		B7000002 /* Resources */ = {
			isa = PBXResourcesBuildPhase;
			buildActionMask = 2147483647;
			files = (
			);
			runOnlyForDeploymentPostprocessing = 0;
		};
/* End PBXResourcesBuildPhase section */

/* Begin PBXSourcesBuildPhase section */
		A7000001 /* Sources */ = {
			isa = PBXSourcesBuildPhase;
			buildActionMask = 2147483647;
			files = (
				A1000001 /* KharchaApp.swift in Sources */,
				A1000002 /* ContentView.swift in Sources */,
				A1000003 /* Expense.swift in Sources */,
				A1000004 /* SMSParser.swift in Sources */,
				A1000005 /* ExpenseStorage.swift in Sources */,
				A1000008 /* Theme.swift in Sources */,
				A1000009 /* MappingStorage.swift in Sources */,
				A1000011 /* PieChartView.swift in Sources */,
				A1000012 /* CategoryDetailView.swift in Sources */,
				A1000013 /* SharedQueueStorage.swift in Sources */,
				A1000014 /* QueueReviewView.swift in Sources */,
				A1000015 /* AdminView.swift in Sources */,
				A1000016 /* BillersView.swift in Sources */,
				A1000017 /* DataManagementView.swift in Sources */,
			);
			runOnlyForDeploymentPostprocessing = 0;
		};
		B7000001 /* Sources */ = {
			isa = PBXSourcesBuildPhase;
			buildActionMask = 2147483647;
			files = (
				B1000001 /* ShareViewController.swift in Sources */,
				B1000002 /* SharedQueueStorage.swift in Sources */,
			);
			runOnlyForDeploymentPostprocessing = 0;
		};
/* End PBXSourcesBuildPhase section */

/* Begin PBXTargetDependency section */
		B4000003 /* PBXTargetDependency */ = {
			isa = PBXTargetDependency;
			target = B6000001 /* KharchaShare */;
			targetProxy = B4000001 /* PBXContainerItemProxy */;
		};
/* End PBXTargetDependency section */

/* Begin XCBuildConfiguration section */
		A9000001 /* Debug */ = {
			isa = XCBuildConfiguration;
			buildSettings = {
				ALWAYS_SEARCH_USER_PATHS = NO;
				ASSETCATALOG_COMPILER_GENERATE_SWIFT_ASSET_SYMBOL_EXTENSIONS = YES;
				CLANG_ANALYZER_NONNULL = YES;
				CLANG_ANALYZER_NUMBER_OBJECT_CONVERSION = YES_AGGRESSIVE;
				CLANG_CXX_LANGUAGE_STANDARD = "gnu++20";
				CLANG_ENABLE_MODULES = YES;
				CLANG_ENABLE_OBJC_ARC = YES;
				CLANG_ENABLE_OBJC_WEAK = YES;
				CLANG_WARN_BLOCK_CAPTURE_AUTORELEASING = YES;
				CLANG_WARN_BOOL_CONVERSION = YES;
				CLANG_WARN_COMMA = YES;
				CLANG_WARN_CONSTANT_CONVERSION = YES;
				CLANG_WARN_DEPRECATED_OBJC_IMPLEMENTATIONS = YES;
				CLANG_WARN_DIRECT_OBJC_ISA_USAGE = YES_ERROR;
				CLANG_WARN_DOCUMENTATION_COMMENTS = YES;
				CLANG_WARN_EMPTY_BODY = YES;
				CLANG_WARN_ENUM_CONVERSION = YES;
				CLANG_WARN_INFINITE_RECURSION = YES;
				CLANG_WARN_INT_CONVERSION = YES;
				CLANG_WARN_NON_LITERAL_NULL_CONVERSION = YES;
				CLANG_WARN_OBJC_IMPLICIT_RETAIN_SELF = YES;
				CLANG_WARN_OBJC_LITERAL_CONVERSION = YES;
				CLANG_WARN_OBJC_ROOT_CLASS = YES_ERROR;
				CLANG_WARN_QUOTED_INCLUDE_IN_FRAMEWORK_HEADER = YES;
				CLANG_WARN_RANGE_LOOP_ANALYSIS = YES;
				CLANG_WARN_STRICT_PROTOTYPES = YES;
				CLANG_WARN_SUSPICIOUS_MOVE = YES;
				CLANG_WARN_UNGUARDED_AVAILABILITY = YES_AGGRESSIVE;
				CLANG_WARN_UNREACHABLE_CODE = YES;
				CLANG_WARN__DUPLICATE_METHOD_MATCH = YES;
				COPY_PHASE_STRIP = NO;
				DEBUG_INFORMATION_FORMAT = dwarf;
				ENABLE_STRICT_OBJC_MSGSEND = YES;
				ENABLE_TESTABILITY = YES;
				ENABLE_USER_SCRIPT_SANDBOXING = YES;
				GCC_C_LANGUAGE_STANDARD = gnu17;
				GCC_DYNAMIC_NO_PIC = NO;
				GCC_NO_COMMON_BLOCKS = YES;
				GCC_OPTIMIZATION_LEVEL = 0;
				GCC_PREPROCESSOR_DEFINITIONS = (
					"DEBUG=1",
					"$(inherited)",
				);
				GCC_WARN_64_TO_32_BIT_CONVERSION = YES;
				GCC_WARN_ABOUT_RETURN_TYPE = YES_ERROR;
				GCC_WARN_UNDECLARED_SELECTOR = YES;
				GCC_WARN_UNINITIALIZED_AUTOS = YES_AGGRESSIVE;
				GCC_WARN_UNUSED_FUNCTION = YES;
				GCC_WARN_UNUSED_VARIABLE = YES;
				IPHONEOS_DEPLOYMENT_TARGET = 17.0;
				LOCALIZATION_PREFERS_STRING_CATALOGS = YES;
				MTL_ENABLE_DEBUG_INFO = INCLUDE_SOURCE;
				MTL_FAST_MATH = YES;
				ONLY_ACTIVE_ARCH = YES;
				SDKROOT = iphoneos;
				SWIFT_ACTIVE_COMPILATION_CONDITIONS = "DEBUG $(inherited)";
				SWIFT_OPTIMIZATION_LEVEL = "-Onone";
			};
			name = Debug;
		};
		A9000002 /* Release */ = {
			isa = XCBuildConfiguration;
			buildSettings = {
				ALWAYS_SEARCH_USER_PATHS = NO;
				ASSETCATALOG_COMPILER_GENERATE_SWIFT_ASSET_SYMBOL_EXTENSIONS = YES;
				CLANG_ANALYZER_NONNULL = YES;
				CLANG_ANALYZER_NUMBER_OBJECT_CONVERSION = YES_AGGRESSIVE;
				CLANG_CXX_LANGUAGE_STANDARD = "gnu++20";
				CLANG_ENABLE_MODULES = YES;
				CLANG_ENABLE_OBJC_ARC = YES;
				CLANG_ENABLE_OBJC_WEAK = YES;
				CLANG_WARN_BLOCK_CAPTURE_AUTORELEASING = YES;
				CLANG_WARN_BOOL_CONVERSION = YES;
				CLANG_WARN_COMMA = YES;
				CLANG_WARN_CONSTANT_CONVERSION = YES;
				CLANG_WARN_DEPRECATED_OBJC_IMPLEMENTATIONS = YES;
				CLANG_WARN_DIRECT_OBJC_ISA_USAGE = YES_ERROR;
				CLANG_WARN_DOCUMENTATION_COMMENTS = YES;
				CLANG_WARN_EMPTY_BODY = YES;
				CLANG_WARN_ENUM_CONVERSION = YES;
				CLANG_WARN_INFINITE_RECURSION = YES;
				CLANG_WARN_INT_CONVERSION = YES;
				CLANG_WARN_NON_LITERAL_NULL_CONVERSION = YES;
				CLANG_WARN_OBJC_IMPLICIT_RETAIN_SELF = YES;
				CLANG_WARN_OBJC_LITERAL_CONVERSION = YES;
				CLANG_WARN_OBJC_ROOT_CLASS = YES_ERROR;
				CLANG_WARN_QUOTED_INCLUDE_IN_FRAMEWORK_HEADER = YES;
				CLANG_WARN_RANGE_LOOP_ANALYSIS = YES;
				CLANG_WARN_STRICT_PROTOTYPES = YES;
				CLANG_WARN_SUSPICIOUS_MOVE = YES;
				CLANG_WARN_UNGUARDED_AVAILABILITY = YES_AGGRESSIVE;
				CLANG_WARN_UNREACHABLE_CODE = YES;
				CLANG_WARN__DUPLICATE_METHOD_MATCH = YES;
				COPY_PHASE_STRIP = NO;
				DEBUG_INFORMATION_FORMAT = "dwarf-with-dsym";
				ENABLE_NS_ASSERTIONS = NO;
				ENABLE_STRICT_OBJC_MSGSEND = YES;
				ENABLE_USER_SCRIPT_SANDBOXING = YES;
				GCC_C_LANGUAGE_STANDARD = gnu17;
				GCC_NO_COMMON_BLOCKS = YES;
				GCC_WARN_64_TO_32_BIT_CONVERSION = YES;
				GCC_WARN_ABOUT_RETURN_TYPE = YES_ERROR;
				GCC_WARN_UNDECLARED_SELECTOR = YES;
				GCC_WARN_UNINITIALIZED_AUTOS = YES_AGGRESSIVE;
				GCC_WARN_UNUSED_FUNCTION = YES;
				GCC_WARN_UNUSED_VARIABLE = YES;
				IPHONEOS_DEPLOYMENT_TARGET = 17.0;
				LOCALIZATION_PREFERS_STRING_CATALOGS = YES;
				MTL_ENABLE_DEBUG_INFO = NO;
				MTL_FAST_MATH = YES;
				SDKROOT = iphoneos;
				SWIFT_COMPILATION_MODE = wholemodule;
				VALIDATE_PRODUCT = YES;
			};
			name = Release;
		};
		A9000003 /* Debug */ = {
			isa = XCBuildConfiguration;
			buildSettings = {
				ALWAYS_EMBED_SWIFT_STANDARD_LIBRARIES = YES;
				ASSETCATALOG_COMPILER_APPICON_NAME = AppIcon;
				ASSETCATALOG_COMPILER_GLOBAL_ACCENT_COLOR_NAME = AccentColor;
				CODE_SIGN_ENTITLEMENTS = Kharcha/Kharcha.entitlements;
				CODE_SIGN_STYLE = Automatic;
				CURRENT_PROJECT_VERSION = 1;
				DEVELOPMENT_TEAM = 98T8QZ94MV;
				ENABLE_PREVIEWS = YES;
				GENERATE_INFOPLIST_FILE = YES;
				INFOPLIST_KEY_UIApplicationSceneManifest_Generation = YES;
				INFOPLIST_KEY_UIApplicationSupportsIndirectInputEvents = YES;
				INFOPLIST_KEY_UILaunchScreen_Generation = YES;
				INFOPLIST_KEY_UISupportedInterfaceOrientations_iPad = "UIInterfaceOrientationPortrait UIInterfaceOrientationPortraitUpsideDown UIInterfaceOrientationLandscapeLeft UIInterfaceOrientationLandscapeRight";
				INFOPLIST_KEY_UISupportedInterfaceOrientations_iPhone = "UIInterfaceOrientationPortrait UIInterfaceOrientationLandscapeLeft UIInterfaceOrientationLandscapeRight";
				LD_RUNPATH_SEARCH_PATHS = (
					"$(inherited)",
					"@executable_path/Frameworks",
				);
				MARKETING_VERSION = 1.0;
				PRODUCT_BUNDLE_IDENTIFIER = com.kunalm.kharcha;
				PRODUCT_NAME = "$(TARGET_NAME)";
				SWIFT_EMIT_LOC_STRINGS = YES;
				SWIFT_VERSION = 5.0;
				TARGETED_DEVICE_FAMILY = "1,2";
			};
			name = Debug;
		};
		A9000004 /* Release */ = {
			isa = XCBuildConfiguration;
			buildSettings = {
				ALWAYS_EMBED_SWIFT_STANDARD_LIBRARIES = YES;
				ASSETCATALOG_COMPILER_APPICON_NAME = AppIcon;
				ASSETCATALOG_COMPILER_GLOBAL_ACCENT_COLOR_NAME = AccentColor;
				CODE_SIGN_ENTITLEMENTS = Kharcha/Kharcha.entitlements;
				CODE_SIGN_STYLE = Automatic;
				CURRENT_PROJECT_VERSION = 1;
				DEVELOPMENT_TEAM = 98T8QZ94MV;
				ENABLE_PREVIEWS = YES;
				GENERATE_INFOPLIST_FILE = YES;
				INFOPLIST_KEY_UIApplicationSceneManifest_Generation = YES;
				INFOPLIST_KEY_UIApplicationSupportsIndirectInputEvents = YES;
				INFOPLIST_KEY_UILaunchScreen_Generation = YES;
				INFOPLIST_KEY_UISupportedInterfaceOrientations_iPad = "UIInterfaceOrientationPortrait UIInterfaceOrientationPortraitUpsideDown UIInterfaceOrientationLandscapeLeft UIInterfaceOrientationLandscapeRight";
				INFOPLIST_KEY_UISupportedInterfaceOrientations_iPhone = "UIInterfaceOrientationPortrait UIInterfaceOrientationLandscapeLeft UIInterfaceOrientationLandscapeRight";
				LD_RUNPATH_SEARCH_PATHS = (
					"$(inherited)",
					"@executable_path/Frameworks",
				);
				MARKETING_VERSION = 1.0;
				PRODUCT_BUNDLE_IDENTIFIER = com.kunalm.kharcha;
				PRODUCT_NAME = "$(TARGET_NAME)";
				SWIFT_EMIT_LOC_STRINGS = YES;
				SWIFT_VERSION = 5.0;
				TARGETED_DEVICE_FAMILY = "1,2";
			};
			name = Release;
		};
		B9000001 /* Debug */ = {
			isa = XCBuildConfiguration;
			buildSettings = {
				CODE_SIGN_ENTITLEMENTS = KharchaShare/KharchaShare.entitlements;
				CODE_SIGN_STYLE = Automatic;
				CURRENT_PROJECT_VERSION = 1;
				DEVELOPMENT_TEAM = 98T8QZ94MV;
				GENERATE_INFOPLIST_FILE = YES;
				INFOPLIST_FILE = KharchaShare/Info.plist;
				INFOPLIST_KEY_CFBundleDisplayName = KharchaShare;
				INFOPLIST_KEY_NSHumanReadableCopyright = "";
				LD_RUNPATH_SEARCH_PATHS = (
					"$(inherited)",
					"@executable_path/Frameworks",
					"@executable_path/../../Frameworks",
				);
				MARKETING_VERSION = 1.0;
				PRODUCT_BUNDLE_IDENTIFIER = com.kunalm.kharcha.share;
				PRODUCT_NAME = "$(TARGET_NAME)";
				SKIP_INSTALL = YES;
				SWIFT_EMIT_LOC_STRINGS = YES;
				SWIFT_VERSION = 5.0;
				TARGETED_DEVICE_FAMILY = "1,2";
			};
			name = Debug;
		};
		B9000002 /* Release */ = {
			isa = XCBuildConfiguration;
			buildSettings = {
				CODE_SIGN_ENTITLEMENTS = KharchaShare/KharchaShare.entitlements;
				CODE_SIGN_STYLE = Automatic;
				CURRENT_PROJECT_VERSION = 1;
				DEVELOPMENT_TEAM = 98T8QZ94MV;
				GENERATE_INFOPLIST_FILE = YES;
				INFOPLIST_FILE = KharchaShare/Info.plist;
				INFOPLIST_KEY_CFBundleDisplayName = KharchaShare;
				INFOPLIST_KEY_NSHumanReadableCopyright = "";
				LD_RUNPATH_SEARCH_PATHS = (
					"$(inherited)",
					"@executable_path/Frameworks",
					"@executable_path/../../Frameworks",
				);
				MARKETING_VERSION = 1.0;
				PRODUCT_BUNDLE_IDENTIFIER = com.kunalm.kharcha.share;
				PRODUCT_NAME = "$(TARGET_NAME)";
				SKIP_INSTALL = YES;
				SWIFT_EMIT_LOC_STRINGS = YES;
				SWIFT_VERSION = 5.0;
				TARGETED_DEVICE_FAMILY = "1,2";
			};
			name = Release;
		};
/* End XCBuildConfiguration section */

/* Begin XCConfigurationList section */
		A8000001 /* Build configuration list for PBXProject "Kharcha" */ = {
			isa = XCConfigurationList;
			buildConfigurations = (
				A9000001 /* Debug */,
				A9000002 /* Release */,
			);
			defaultConfigurationIsVisible = 0;
			defaultConfigurationName = Release;
		};
		A8000003 /* Build configuration list for PBXNativeTarget "Kharcha" */ = {
			isa = XCConfigurationList;
			buildConfigurations = (
				A9000003 /* Debug */,
				A9000004 /* Release */,
			);
			defaultConfigurationIsVisible = 0;
			defaultConfigurationName = Release;
		};
		B8000001 /* Build configuration list for PBXNativeTarget "KharchaShare" */ = {
			isa = XCConfigurationList;
			buildConfigurations = (
				B9000001 /* Debug */,
				B9000002 /* Release */,
			);
			defaultConfigurationIsVisible = 0;
			defaultConfigurationName = Release;
		};
/* End XCConfigurationList section */
	};
	rootObject = A0000001 /* Project object */;
}
